// !$*UTF8*$!
{
	archiveVersion = 1;
	classes = {
	};
	objectVersion = 50;
	objects = {

/* Begin PBXBuildFile section */
		F479410A25E5EA5A001BB982 /* AppDelegate.swift in Sources */ = {isa = PBXBuildFile; fileRef = F479410925E5EA5A001BB982 /* AppDelegate.swift */; };
		F479410C25E5EA5A001BB982 /* SettingsView.swift in Sources */ = {isa = PBXBuildFile; fileRef = F479410B25E5EA5A001BB982 /* SettingsView.swift */; };
		F479410E25E5EA5B001BB982 /* Assets.xcassets in Resources */ = {isa = PBXBuildFile; fileRef = F479410D25E5EA5B001BB982 /* Assets.xcassets */; };
		F479411125E5EA5B001BB982 /* Preview Assets.xcassets in Resources */ = {isa = PBXBuildFile; fileRef = F479411025E5EA5B001BB982 /* Preview Assets.xcassets */; };
		F479411425E5EA5B001BB982 /* Main.storyboard in Resources */ = {isa = PBXBuildFile; fileRef = F479411225E5EA5B001BB982 /* Main.storyboard */; };
		F479412525E5EA85001BB982 /* DarkModeBuddyCore.h in Headers */ = {isa = PBXBuildFile; fileRef = F479412325E5EA85001BB982 /* DarkModeBuddyCore.h */; settings = {ATTRIBUTES = (Public, ); }; };
		F479412825E5EA85001BB982 /* DarkModeBuddyCore.framework in Frameworks */ = {isa = PBXBuildFile; fileRef = F479412125E5EA85001BB982 /* DarkModeBuddyCore.framework */; };
		F479412925E5EA85001BB982 /* DarkModeBuddyCore.framework in Embed Frameworks */ = {isa = PBXBuildFile; fileRef = F479412125E5EA85001BB982 /* DarkModeBuddyCore.framework */; settings = {ATTRIBUTES = (CodeSignOnCopy, RemoveHeadersOnCopy, ); }; };
		F479413225E5EA9F001BB982 /* DMBSettings.swift in Sources */ = {isa = PBXBuildFile; fileRef = F479413125E5EA9F001BB982 /* DMBSettings.swift */; };
		F479413B25E5EB63001BB982 /* BezelServices.framework in Frameworks */ = {isa = PBXBuildFile; fileRef = F479413A25E5EB63001BB982 /* BezelServices.framework */; settings = {ATTRIBUTES = (Required, ); }; };
		F479413D25E5EBAE001BB982 /* DMBSystemAppearanceSwitcher.swift in Sources */ = {isa = PBXBuildFile; fileRef = F479413C25E5EBAE001BB982 /* DMBSystemAppearanceSwitcher.swift */; };
		F479414025E5EBE7001BB982 /* DMBAmbientLightSensorReader.swift in Sources */ = {isa = PBXBuildFile; fileRef = F479413F25E5EBE7001BB982 /* DMBAmbientLightSensorReader.swift */; };
		F479414225E5F5C2001BB982 /* SkyLight.framework in Frameworks */ = {isa = PBXBuildFile; fileRef = F479414125E5F5C2001BB982 /* SkyLight.framework */; };
		F479414A25E6A93C001BB982 /* UnsupportedMacView.swift in Sources */ = {isa = PBXBuildFile; fileRef = F479414925E6A93C001BB982 /* UnsupportedMacView.swift */; };
		F479414F25E6BBE1001BB982 /* Sparkle.framework in Frameworks */ = {isa = PBXBuildFile; fileRef = F479414E25E6BBE1001BB982 /* Sparkle.framework */; };
		F479415125E6BBF4001BB982 /* Sparkle.framework in Embed Frameworks */ = {isa = PBXBuildFile; fileRef = F479415025E6BBF4001BB982 /* Sparkle.framework */; settings = {ATTRIBUTES = (CodeSignOnCopy, RemoveHeadersOnCopy, ); }; };
		F479416825E6C408001BB982 /* SharedFileList.m in Sources */ = {isa = PBXBuildFile; fileRef = F479416625E6C408001BB982 /* SharedFileList.m */; };
		F479416925E6C408001BB982 /* SharedFileList.h in Headers */ = {isa = PBXBuildFile; fileRef = F479416725E6C408001BB982 /* SharedFileList.h */; settings = {ATTRIBUTES = (Public, ); }; };
		F479416C25E6D24C001BB982 /* DMBAmbientLightSensor.h in Headers */ = {isa = PBXBuildFile; fileRef = F479416A25E6D24C001BB982 /* DMBAmbientLightSensor.h */; };
		F479416D25E6D24C001BB982 /* DMBAmbientLightSensor.m in Sources */ = {isa = PBXBuildFile; fileRef = F479416B25E6D24C001BB982 /* DMBAmbientLightSensor.m */; };
/* End PBXBuildFile section */

/* Begin PBXContainerItemProxy section */
		F479412625E5EA85001BB982 /* PBXContainerItemProxy */ = {
			isa = PBXContainerItemProxy;
			containerPortal = F47940FE25E5EA5A001BB982 /* Project object */;
			proxyType = 1;
			remoteGlobalIDString = F479412025E5EA85001BB982;
			remoteInfo = DarkModeBuddyCore;
		};
/* End PBXContainerItemProxy section */

/* Begin PBXCopyFilesBuildPhase section */
		F479412D25E5EA85001BB982 /* Embed Frameworks */ = {
			isa = PBXCopyFilesBuildPhase;
			buildActionMask = 2147483647;
			dstPath = "";
			dstSubfolderSpec = 10;
			files = (
				F479412925E5EA85001BB982 /* DarkModeBuddyCore.framework in Embed Frameworks */,
				F479415125E6BBF4001BB982 /* Sparkle.framework in Embed Frameworks */,
			);
			name = "Embed Frameworks";
			runOnlyForDeploymentPostprocessing = 0;
		};
/* End PBXCopyFilesBuildPhase section */

/* Begin PBXFileReference section */
		F479410625E5EA5A001BB982 /* DarkModeBuddy.app */ = {isa = PBXFileReference; explicitFileType = wrapper.application; includeInIndex = 0; path = DarkModeBuddy.app; sourceTree = BUILT_PRODUCTS_DIR; };
		F479410925E5EA5A001BB982 /* AppDelegate.swift */ = {isa = PBXFileReference; lastKnownFileType = sourcecode.swift; path = AppDelegate.swift; sourceTree = "<group>"; };
		F479410B25E5EA5A001BB982 /* SettingsView.swift */ = {isa = PBXFileReference; lastKnownFileType = sourcecode.swift; path = SettingsView.swift; sourceTree = "<group>"; };
		F479410D25E5EA5B001BB982 /* Assets.xcassets */ = {isa = PBXFileReference; lastKnownFileType = folder.assetcatalog; path = Assets.xcassets; sourceTree = "<group>"; };
		F479411025E5EA5B001BB982 /* Preview Assets.xcassets */ = {isa = PBXFileReference; lastKnownFileType = folder.assetcatalog; path = "Preview Assets.xcassets"; sourceTree = "<group>"; };
		F479411325E5EA5B001BB982 /* Base */ = {isa = PBXFileReference; lastKnownFileType = file.storyboard; name = Base; path = Base.lproj/Main.storyboard; sourceTree = "<group>"; };
		F479411525E5EA5B001BB982 /* Info.plist */ = {isa = PBXFileReference; lastKnownFileType = text.plist.xml; path = Info.plist; sourceTree = "<group>"; };
		F479411625E5EA5B001BB982 /* DarkModeBuddy.entitlements */ = {isa = PBXFileReference; lastKnownFileType = text.plist.entitlements; path = DarkModeBuddy.entitlements; sourceTree = "<group>"; };
		F479412125E5EA85001BB982 /* DarkModeBuddyCore.framework */ = {isa = PBXFileReference; explicitFileType = wrapper.framework; includeInIndex = 0; path = DarkModeBuddyCore.framework; sourceTree = BUILT_PRODUCTS_DIR; };
		F479412325E5EA85001BB982 /* DarkModeBuddyCore.h */ = {isa = PBXFileReference; lastKnownFileType = sourcecode.c.h; path = DarkModeBuddyCore.h; sourceTree = "<group>"; };
		F479412425E5EA85001BB982 /* Info.plist */ = {isa = PBXFileReference; lastKnownFileType = text.plist.xml; path = Info.plist; sourceTree = "<group>"; };
		F479413125E5EA9F001BB982 /* DMBSettings.swift */ = {isa = PBXFileReference; lastKnownFileType = sourcecode.swift; path = DMBSettings.swift; sourceTree = "<group>"; };
		F479413A25E5EB63001BB982 /* BezelServices.framework */ = {isa = PBXFileReference; lastKnownFileType = wrapper.framework; name = BezelServices.framework; path = ../../../../../System/Library/PrivateFrameworks/BezelServices.framework; sourceTree = "<group>"; };
		F479413C25E5EBAE001BB982 /* DMBSystemAppearanceSwitcher.swift */ = {isa = PBXFileReference; lastKnownFileType = sourcecode.swift; path = DMBSystemAppearanceSwitcher.swift; sourceTree = "<group>"; };
		F479413F25E5EBE7001BB982 /* DMBAmbientLightSensorReader.swift */ = {isa = PBXFileReference; lastKnownFileType = sourcecode.swift; path = DMBAmbientLightSensorReader.swift; sourceTree = "<group>"; };
		F479414125E5F5C2001BB982 /* SkyLight.framework */ = {isa = PBXFileReference; lastKnownFileType = wrapper.framework; name = SkyLight.framework; path = ../../../../../System/Library/PrivateFrameworks/SkyLight.framework; sourceTree = "<group>"; };
		F479414925E6A93C001BB982 /* UnsupportedMacView.swift */ = {isa = PBXFileReference; lastKnownFileType = sourcecode.swift; path = UnsupportedMacView.swift; sourceTree = "<group>"; };
		F479414E25E6BBE1001BB982 /* Sparkle.framework */ = {isa = PBXFileReference; lastKnownFileType = wrapper.framework; name = Sparkle.framework; path = Vendor/Sparkle.framework; sourceTree = "<group>"; };
		F479415025E6BBF4001BB982 /* Sparkle.framework */ = {isa = PBXFileReference; lastKnownFileType = wrapper.framework; name = Sparkle.framework; path = Vendor/Sparkle.framework; sourceTree = "<group>"; };
		F479416625E6C408001BB982 /* SharedFileList.m */ = {isa = PBXFileReference; fileEncoding = 4; lastKnownFileType = sourcecode.c.objc; path = SharedFileList.m; sourceTree = "<group>"; };
		F479416725E6C408001BB982 /* SharedFileList.h */ = {isa = PBXFileReference; fileEncoding = 4; lastKnownFileType = sourcecode.c.h; path = SharedFileList.h; sourceTree = "<group>"; };
		F479416A25E6D24C001BB982 /* DMBAmbientLightSensor.h */ = {isa = PBXFileReference; fileEncoding = 4; lastKnownFileType = sourcecode.c.h; path = DMBAmbientLightSensor.h; sourceTree = "<group>"; };
		F479416B25E6D24C001BB982 /* DMBAmbientLightSensor.m */ = {isa = PBXFileReference; fileEncoding = 4; lastKnownFileType = sourcecode.c.objc; path = DMBAmbientLightSensor.m; sourceTree = "<group>"; };
/* End PBXFileReference section */

/* Begin PBXFrameworksBuildPhase section */
		F479410325E5EA5A001BB982 /* Frameworks */ = {
			isa = PBXFrameworksBuildPhase;
			buildActionMask = 2147483647;
			files = (
				F479412825E5EA85001BB982 /* DarkModeBuddyCore.framework in Frameworks */,
				F479414F25E6BBE1001BB982 /* Sparkle.framework in Frameworks */,
			);
			runOnlyForDeploymentPostprocessing = 0;
		};
		F479411E25E5EA85001BB982 /* Frameworks */ = {
			isa = PBXFrameworksBuildPhase;
			buildActionMask = 2147483647;
			files = (
				F479413B25E5EB63001BB982 /* BezelServices.framework in Frameworks */,
				F479414225E5F5C2001BB982 /* SkyLight.framework in Frameworks */,
			);
			runOnlyForDeploymentPostprocessing = 0;
		};
/* End PBXFrameworksBuildPhase section */

/* Begin PBXGroup section */
		F47940FD25E5EA5A001BB982 = {
			isa = PBXGroup;
			children = (
				F479415025E6BBF4001BB982 /* Sparkle.framework */,
				F479410825E5EA5A001BB982 /* DarkModeBuddy */,
				F479412225E5EA85001BB982 /* DarkModeBuddyCore */,
				F479410725E5EA5A001BB982 /* Products */,
				F479413925E5EB63001BB982 /* Frameworks */,
			);
			sourceTree = "<group>";
		};
		F479410725E5EA5A001BB982 /* Products */ = {
			isa = PBXGroup;
			children = (
				F479410625E5EA5A001BB982 /* DarkModeBuddy.app */,
				F479412125E5EA85001BB982 /* DarkModeBuddyCore.framework */,
			);
			name = Products;
			sourceTree = "<group>";
		};
		F479410825E5EA5A001BB982 /* DarkModeBuddy */ = {
			isa = PBXGroup;
			children = (
				F479414825E6A887001BB982 /* Resources */,
				F479414725E6A880001BB982 /* Views */,
				F479414625E6A878001BB982 /* Bootstrap */,
				F479410F25E5EA5B001BB982 /* Preview Content */,
			);
			path = DarkModeBuddy;
			sourceTree = "<group>";
		};
		F479410F25E5EA5B001BB982 /* Preview Content */ = {
			isa = PBXGroup;
			children = (
				F479411025E5EA5B001BB982 /* Preview Assets.xcassets */,
			);
			path = "Preview Content";
			sourceTree = "<group>";
		};
		F479412225E5EA85001BB982 /* DarkModeBuddyCore */ = {
			isa = PBXGroup;
			children = (
				F479412E25E5EA88001BB982 /* Source */,
				F479412325E5EA85001BB982 /* DarkModeBuddyCore.h */,
				F479412425E5EA85001BB982 /* Info.plist */,
			);
			path = DarkModeBuddyCore;
			sourceTree = "<group>";
		};
		F479412E25E5EA88001BB982 /* Source */ = {
			isa = PBXGroup;
			children = (
				F479416525E6C400001BB982 /* Utilities */,
				F479413E25E5EBCF001BB982 /* System */,
				F479413325E5EB10001BB982 /* AmbientLight */,
				F479413425E5EB17001BB982 /* Storage */,
			);
			path = Source;
			sourceTree = "<group>";
		};
		F479413325E5EB10001BB982 /* AmbientLight */ = {
			isa = PBXGroup;
			children = (
				F479416A25E6D24C001BB982 /* DMBAmbientLightSensor.h */,
				F479416B25E6D24C001BB982 /* DMBAmbientLightSensor.m */,
				F479413F25E5EBE7001BB982 /* DMBAmbientLightSensorReader.swift */,
			);
			path = AmbientLight;
			sourceTree = "<group>";
		};
		F479413425E5EB17001BB982 /* Storage */ = {
			isa = PBXGroup;
			children = (
				F479413125E5EA9F001BB982 /* DMBSettings.swift */,
			);
			path = Storage;
			sourceTree = "<group>";
		};
		F479413925E5EB63001BB982 /* Frameworks */ = {
			isa = PBXGroup;
			children = (
				F479414E25E6BBE1001BB982 /* Sparkle.framework */,
				F479414125E5F5C2001BB982 /* SkyLight.framework */,
				F479413A25E5EB63001BB982 /* BezelServices.framework */,
			);
			name = Frameworks;
			sourceTree = "<group>";
		};
		F479413E25E5EBCF001BB982 /* System */ = {
			isa = PBXGroup;
			children = (
				F479413C25E5EBAE001BB982 /* DMBSystemAppearanceSwitcher.swift */,
			);
			path = System;
			sourceTree = "<group>";
		};
		F479414625E6A878001BB982 /* Bootstrap */ = {
			isa = PBXGroup;
			children = (
				F479410925E5EA5A001BB982 /* AppDelegate.swift */,
			);
			path = Bootstrap;
			sourceTree = "<group>";
		};
		F479414725E6A880001BB982 /* Views */ = {
			isa = PBXGroup;
			children = (
				F479410B25E5EA5A001BB982 /* SettingsView.swift */,
				F479414925E6A93C001BB982 /* UnsupportedMacView.swift */,
			);
			path = Views;
			sourceTree = "<group>";
		};
		F479414825E6A887001BB982 /* Resources */ = {
			isa = PBXGroup;
			children = (
				F479410D25E5EA5B001BB982 /* Assets.xcassets */,
				F479411225E5EA5B001BB982 /* Main.storyboard */,
				F479411525E5EA5B001BB982 /* Info.plist */,
				F479411625E5EA5B001BB982 /* DarkModeBuddy.entitlements */,
			);
			path = Resources;
			sourceTree = "<group>";
		};
		F479416525E6C400001BB982 /* Utilities */ = {
			isa = PBXGroup;
			children = (
				F479416725E6C408001BB982 /* SharedFileList.h */,
				F479416625E6C408001BB982 /* SharedFileList.m */,
			);
			path = Utilities;
			sourceTree = "<group>";
		};
/* End PBXGroup section */

/* Begin PBXHeadersBuildPhase section */
		F479411C25E5EA85001BB982 /* Headers */ = {
			isa = PBXHeadersBuildPhase;
			buildActionMask = 2147483647;
			files = (
				F479416925E6C408001BB982 /* SharedFileList.h in Headers */,
				F479416C25E6D24C001BB982 /* DMBAmbientLightSensor.h in Headers */,
				F479412525E5EA85001BB982 /* DarkModeBuddyCore.h in Headers */,
			);
			runOnlyForDeploymentPostprocessing = 0;
		};
/* End PBXHeadersBuildPhase section */

/* Begin PBXNativeTarget section */
		F479410525E5EA5A001BB982 /* DarkModeBuddy */ = {
			isa = PBXNativeTarget;
			buildConfigurationList = F479411925E5EA5B001BB982 /* Build configuration list for PBXNativeTarget "DarkModeBuddy" */;
			buildPhases = (
				F479410225E5EA5A001BB982 /* Sources */,
				F479410325E5EA5A001BB982 /* Frameworks */,
				F479410425E5EA5A001BB982 /* Resources */,
				F479412D25E5EA85001BB982 /* Embed Frameworks */,
			);
			buildRules = (
			);
			dependencies = (
				F479412725E5EA85001BB982 /* PBXTargetDependency */,
			);
			name = DarkModeBuddy;
			productName = DarkModeBuddy;
			productReference = F479410625E5EA5A001BB982 /* DarkModeBuddy.app */;
			productType = "com.apple.product-type.application";
		};
		F479412025E5EA85001BB982 /* DarkModeBuddyCore */ = {
			isa = PBXNativeTarget;
			buildConfigurationList = F479412A25E5EA85001BB982 /* Build configuration list for PBXNativeTarget "DarkModeBuddyCore" */;
			buildPhases = (
				F479411C25E5EA85001BB982 /* Headers */,
				F479411D25E5EA85001BB982 /* Sources */,
				F479411E25E5EA85001BB982 /* Frameworks */,
				F479411F25E5EA85001BB982 /* Resources */,
			);
			buildRules = (
			);
			dependencies = (
			);
			name = DarkModeBuddyCore;
			productName = DarkModeBuddyCore;
			productReference = F479412125E5EA85001BB982 /* DarkModeBuddyCore.framework */;
			productType = "com.apple.product-type.framework";
		};
/* End PBXNativeTarget section */

/* Begin PBXProject section */
		F47940FE25E5EA5A001BB982 /* Project object */ = {
			isa = PBXProject;
			attributes = {
				LastSwiftUpdateCheck = 1250;
				LastUpgradeCheck = 1250;
				TargetAttributes = {
					F479410525E5EA5A001BB982 = {
						CreatedOnToolsVersion = 12.5;
					};
					F479412025E5EA85001BB982 = {
						CreatedOnToolsVersion = 12.5;
						LastSwiftMigration = 1250;
					};
				};
			};
			buildConfigurationList = F479410125E5EA5A001BB982 /* Build configuration list for PBXProject "DarkModeBuddy" */;
			compatibilityVersion = "Xcode 9.3";
			developmentRegion = en;
			hasScannedForEncodings = 0;
			knownRegions = (
				en,
				Base,
			);
			mainGroup = F47940FD25E5EA5A001BB982;
			productRefGroup = F479410725E5EA5A001BB982 /* Products */;
			projectDirPath = "";
			projectRoot = "";
			targets = (
				F479410525E5EA5A001BB982 /* DarkModeBuddy */,
				F479412025E5EA85001BB982 /* DarkModeBuddyCore */,
			);
		};
/* End PBXProject section */

/* Begin PBXResourcesBuildPhase section */
		F479410425E5EA5A001BB982 /* Resources */ = {
			isa = PBXResourcesBuildPhase;
			buildActionMask = 2147483647;
			files = (
				F479411425E5EA5B001BB982 /* Main.storyboard in Resources */,
				F479411125E5EA5B001BB982 /* Preview Assets.xcassets in Resources */,
				F479410E25E5EA5B001BB982 /* Assets.xcassets in Resources */,
			);
			runOnlyForDeploymentPostprocessing = 0;
		};
		F479411F25E5EA85001BB982 /* Resources */ = {
			isa = PBXResourcesBuildPhase;
			buildActionMask = 2147483647;
			files = (
			);
			runOnlyForDeploymentPostprocessing = 0;
		};
/* End PBXResourcesBuildPhase section */

/* Begin PBXSourcesBuildPhase section */
		F479410225E5EA5A001BB982 /* Sources */ = {
			isa = PBXSourcesBuildPhase;
			buildActionMask = 2147483647;
			files = (
				F479410C25E5EA5A001BB982 /* SettingsView.swift in Sources */,
				F479410A25E5EA5A001BB982 /* AppDelegate.swift in Sources */,
				F479414A25E6A93C001BB982 /* UnsupportedMacView.swift in Sources */,
			);
			runOnlyForDeploymentPostprocessing = 0;
		};
		F479411D25E5EA85001BB982 /* Sources */ = {
			isa = PBXSourcesBuildPhase;
			buildActionMask = 2147483647;
			files = (
				F479414025E5EBE7001BB982 /* DMBAmbientLightSensorReader.swift in Sources */,
				F479416825E6C408001BB982 /* SharedFileList.m in Sources */,
				F479413225E5EA9F001BB982 /* DMBSettings.swift in Sources */,
				F479413D25E5EBAE001BB982 /* DMBSystemAppearanceSwitcher.swift in Sources */,
				F479416D25E6D24C001BB982 /* DMBAmbientLightSensor.m in Sources */,
			);
			runOnlyForDeploymentPostprocessing = 0;
		};
/* End PBXSourcesBuildPhase section */

/* Begin PBXTargetDependency section */
		F479412725E5EA85001BB982 /* PBXTargetDependency */ = {
			isa = PBXTargetDependency;
			target = F479412025E5EA85001BB982 /* DarkModeBuddyCore */;
			targetProxy = F479412625E5EA85001BB982 /* PBXContainerItemProxy */;
		};
/* End PBXTargetDependency section */

/* Begin PBXVariantGroup section */
		F479411225E5EA5B001BB982 /* Main.storyboard */ = {
			isa = PBXVariantGroup;
			children = (
				F479411325E5EA5B001BB982 /* Base */,
			);
			name = Main.storyboard;
			sourceTree = "<group>";
		};
/* End PBXVariantGroup section */

/* Begin XCBuildConfiguration section */
		F479411725E5EA5B001BB982 /* Debug */ = {
			isa = XCBuildConfiguration;
			buildSettings = {
				ALWAYS_SEARCH_USER_PATHS = NO;
				CLANG_ANALYZER_NONNULL = YES;
				CLANG_ANALYZER_NUMBER_OBJECT_CONVERSION = YES_AGGRESSIVE;
				CLANG_CXX_LANGUAGE_STANDARD = "gnu++14";
				CLANG_CXX_LIBRARY = "libc++";
				CLANG_ENABLE_MODULES = YES;
				CLANG_ENABLE_OBJC_ARC = YES;
				CLANG_ENABLE_OBJC_WEAK = YES;
				CLANG_WARN_BLOCK_CAPTURE_AUTORELEASING = YES;
				CLANG_WARN_BOOL_CONVERSION = YES;
				CLANG_WARN_COMMA = YES;
				CLANG_WARN_CONSTANT_CONVERSION = YES;
				CLANG_WARN_DEPRECATED_OBJC_IMPLEMENTATIONS = YES;
				CLANG_WARN_DIRECT_OBJC_ISA_USAGE = YES_ERROR;
				CLANG_WARN_DOCUMENTATION_COMMENTS = YES;
				CLANG_WARN_EMPTY_BODY = YES;
				CLANG_WARN_ENUM_CONVERSION = YES;
				CLANG_WARN_INFINITE_RECURSION = YES;
				CLANG_WARN_INT_CONVERSION = YES;
				CLANG_WARN_NON_LITERAL_NULL_CONVERSION = YES;
				CLANG_WARN_OBJC_IMPLICIT_RETAIN_SELF = YES;
				CLANG_WARN_OBJC_LITERAL_CONVERSION = YES;
				CLANG_WARN_OBJC_ROOT_CLASS = YES_ERROR;
				CLANG_WARN_QUOTED_INCLUDE_IN_FRAMEWORK_HEADER = YES;
				CLANG_WARN_RANGE_LOOP_ANALYSIS = YES;
				CLANG_WARN_STRICT_PROTOTYPES = YES;
				CLANG_WARN_SUSPICIOUS_MOVE = YES;
				CLANG_WARN_UNGUARDED_AVAILABILITY = YES_AGGRESSIVE;
				CLANG_WARN_UNREACHABLE_CODE = YES;
				CLANG_WARN__DUPLICATE_METHOD_MATCH = YES;
				COPY_PHASE_STRIP = NO;
				DEBUG_INFORMATION_FORMAT = dwarf;
				ENABLE_STRICT_OBJC_MSGSEND = YES;
				ENABLE_TESTABILITY = YES;
				GCC_C_LANGUAGE_STANDARD = gnu11;
				GCC_DYNAMIC_NO_PIC = NO;
				GCC_NO_COMMON_BLOCKS = YES;
				GCC_OPTIMIZATION_LEVEL = 0;
				GCC_PREPROCESSOR_DEFINITIONS = (
					"DEBUG=1",
					"$(inherited)",
				);
				GCC_WARN_64_TO_32_BIT_CONVERSION = YES;
				GCC_WARN_ABOUT_RETURN_TYPE = YES_ERROR;
				GCC_WARN_UNDECLARED_SELECTOR = YES;
				GCC_WARN_UNINITIALIZED_AUTOS = YES_AGGRESSIVE;
				GCC_WARN_UNUSED_FUNCTION = YES;
				GCC_WARN_UNUSED_VARIABLE = YES;
				MACOSX_DEPLOYMENT_TARGET = 11.2;
				MTL_ENABLE_DEBUG_INFO = INCLUDE_SOURCE;
				MTL_FAST_MATH = YES;
				ONLY_ACTIVE_ARCH = YES;
				SDKROOT = macosx;
				SWIFT_ACTIVE_COMPILATION_CONDITIONS = DEBUG;
				SWIFT_OPTIMIZATION_LEVEL = "-Onone";
			};
			name = Debug;
		};
		F479411825E5EA5B001BB982 /* Release */ = {
			isa = XCBuildConfiguration;
			buildSettings = {
				ALWAYS_SEARCH_USER_PATHS = NO;
				CLANG_ANALYZER_NONNULL = YES;
				CLANG_ANALYZER_NUMBER_OBJECT_CONVERSION = YES_AGGRESSIVE;
				CLANG_CXX_LANGUAGE_STANDARD = "gnu++14";
				CLANG_CXX_LIBRARY = "libc++";
				CLANG_ENABLE_MODULES = YES;
				CLANG_ENABLE_OBJC_ARC = YES;
				CLANG_ENABLE_OBJC_WEAK = YES;
				CLANG_WARN_BLOCK_CAPTURE_AUTORELEASING = YES;
				CLANG_WARN_BOOL_CONVERSION = YES;
				CLANG_WARN_COMMA = YES;
				CLANG_WARN_CONSTANT_CONVERSION = YES;
				CLANG_WARN_DEPRECATED_OBJC_IMPLEMENTATIONS = YES;
				CLANG_WARN_DIRECT_OBJC_ISA_USAGE = YES_ERROR;
				CLANG_WARN_DOCUMENTATION_COMMENTS = YES;
				CLANG_WARN_EMPTY_BODY = YES;
				CLANG_WARN_ENUM_CONVERSION = YES;
				CLANG_WARN_INFINITE_RECURSION = YES;
				CLANG_WARN_INT_CONVERSION = YES;
				CLANG_WARN_NON_LITERAL_NULL_CONVERSION = YES;
				CLANG_WARN_OBJC_IMPLICIT_RETAIN_SELF = YES;
				CLANG_WARN_OBJC_LITERAL_CONVERSION = YES;
				CLANG_WARN_OBJC_ROOT_CLASS = YES_ERROR;
				CLANG_WARN_QUOTED_INCLUDE_IN_FRAMEWORK_HEADER = YES;
				CLANG_WARN_RANGE_LOOP_ANALYSIS = YES;
				CLANG_WARN_STRICT_PROTOTYPES = YES;
				CLANG_WARN_SUSPICIOUS_MOVE = YES;
				CLANG_WARN_UNGUARDED_AVAILABILITY = YES_AGGRESSIVE;
				CLANG_WARN_UNREACHABLE_CODE = YES;
				CLANG_WARN__DUPLICATE_METHOD_MATCH = YES;
				COPY_PHASE_STRIP = NO;
				DEBUG_INFORMATION_FORMAT = "dwarf-with-dsym";
				ENABLE_NS_ASSERTIONS = NO;
				ENABLE_STRICT_OBJC_MSGSEND = YES;
				GCC_C_LANGUAGE_STANDARD = gnu11;
				GCC_NO_COMMON_BLOCKS = YES;
				GCC_WARN_64_TO_32_BIT_CONVERSION = YES;
				GCC_WARN_ABOUT_RETURN_TYPE = YES_ERROR;
				GCC_WARN_UNDECLARED_SELECTOR = YES;
				GCC_WARN_UNINITIALIZED_AUTOS = YES_AGGRESSIVE;
				GCC_WARN_UNUSED_FUNCTION = YES;
				GCC_WARN_UNUSED_VARIABLE = YES;
				MACOSX_DEPLOYMENT_TARGET = 11.2;
				MTL_ENABLE_DEBUG_INFO = NO;
				MTL_FAST_MATH = YES;
				SDKROOT = macosx;
				SWIFT_COMPILATION_MODE = wholemodule;
				SWIFT_OPTIMIZATION_LEVEL = "-O";
			};
			name = Release;
		};
		F479411A25E5EA5B001BB982 /* Debug */ = {
			isa = XCBuildConfiguration;
			buildSettings = {
				ALWAYS_EMBED_SWIFT_STANDARD_LIBRARIES = YES;
				ASSETCATALOG_COMPILER_APPICON_NAME = AppIcon;
				ASSETCATALOG_COMPILER_GLOBAL_ACCENT_COLOR_NAME = AccentColor;
				CODE_SIGN_ENTITLEMENTS = DarkModeBuddy/Resources/DarkModeBuddy.entitlements;
				CODE_SIGN_STYLE = Automatic;
				COMBINE_HIDPI_IMAGES = YES;
				DEVELOPMENT_ASSET_PATHS = "\"DarkModeBuddy/Preview Content\"";
				DEVELOPMENT_TEAM = 8C7439RJLG;
				ENABLE_HARDENED_RUNTIME = YES;
				ENABLE_PREVIEWS = YES;
				FRAMEWORK_SEARCH_PATHS = (
					"$(inherited)",
					"$(PROJECT_DIR)/Vendor",
				);
				INFOPLIST_FILE = DarkModeBuddy/Resources/Info.plist;
				LD_RUNPATH_SEARCH_PATHS = (
					"$(inherited)",
					"@executable_path/../Frameworks",
				);
				MACOSX_DEPLOYMENT_TARGET = 10.15;
				PRODUCT_BUNDLE_IDENTIFIER = codes.rambo.DarkModeBuddy;
				PRODUCT_NAME = "$(TARGET_NAME)";
				SWIFT_VERSION = 5.0;
			};
			name = Debug;
		};
		F479411B25E5EA5B001BB982 /* Release */ = {
			isa = XCBuildConfiguration;
			buildSettings = {
				ALWAYS_EMBED_SWIFT_STANDARD_LIBRARIES = YES;
				ASSETCATALOG_COMPILER_APPICON_NAME = AppIcon;
				ASSETCATALOG_COMPILER_GLOBAL_ACCENT_COLOR_NAME = AccentColor;
				CODE_SIGN_ENTITLEMENTS = DarkModeBuddy/Resources/DarkModeBuddy.entitlements;
				CODE_SIGN_STYLE = Automatic;
				COMBINE_HIDPI_IMAGES = YES;
				DEVELOPMENT_ASSET_PATHS = "\"DarkModeBuddy/Preview Content\"";
				DEVELOPMENT_TEAM = 8C7439RJLG;
				ENABLE_HARDENED_RUNTIME = YES;
				ENABLE_PREVIEWS = YES;
				FRAMEWORK_SEARCH_PATHS = (
					"$(inherited)",
					"$(PROJECT_DIR)/Vendor",
				);
				INFOPLIST_FILE = DarkModeBuddy/Resources/Info.plist;
				LD_RUNPATH_SEARCH_PATHS = (
					"$(inherited)",
					"@executable_path/../Frameworks",
				);
				MACOSX_DEPLOYMENT_TARGET = 10.15;
				PRODUCT_BUNDLE_IDENTIFIER = codes.rambo.DarkModeBuddy;
				PRODUCT_NAME = "$(TARGET_NAME)";
				SWIFT_VERSION = 5.0;
			};
			name = Release;
		};
		F479412B25E5EA85001BB982 /* Debug */ = {
			isa = XCBuildConfiguration;
			buildSettings = {
				CLANG_ENABLE_MODULES = YES;
				CODE_SIGN_STYLE = Automatic;
				COMBINE_HIDPI_IMAGES = YES;
				CURRENT_PROJECT_VERSION = 3;
				DEFINES_MODULE = YES;
				DEVELOPMENT_TEAM = 8C7439RJLG;
				DYLIB_COMPATIBILITY_VERSION = 1;
				DYLIB_CURRENT_VERSION = 3;
				DYLIB_INSTALL_NAME_BASE = "@rpath";
				INFOPLIST_FILE = DarkModeBuddyCore/Info.plist;
				INSTALL_PATH = "$(LOCAL_LIBRARY_DIR)/Frameworks";
				LD_RUNPATH_SEARCH_PATHS = (
					"$(inherited)",
					"@executable_path/../Frameworks",
					"@loader_path/Frameworks",
				);
				MACOSX_DEPLOYMENT_TARGET = 10.15;
				PRODUCT_BUNDLE_IDENTIFIER = codes.rambo.DarkModeBuddyCore;
				PRODUCT_NAME = "$(TARGET_NAME:c99extidentifier)";
				SKIP_INSTALL = YES;
				SWIFT_OPTIMIZATION_LEVEL = "-Onone";
				SWIFT_VERSION = 5.0;
				SYSTEM_FRAMEWORK_SEARCH_PATHS = (
					"$(inherited)",
					"$(SYSTEM_LIBRARY_DIR)/PrivateFrameworks",
				);
				VERSIONING_SYSTEM = "apple-generic";
				VERSION_INFO_PREFIX = "";
			};
			name = Debug;
		};
		F479412C25E5EA85001BB982 /* Release */ = {
			isa = XCBuildConfiguration;
			buildSettings = {
				CLANG_ENABLE_MODULES = YES;
				CODE_SIGN_STYLE = Automatic;
				COMBINE_HIDPI_IMAGES = YES;
				CURRENT_PROJECT_VERSION = 3;
				DEFINES_MODULE = YES;
				DEVELOPMENT_TEAM = 8C7439RJLG;
				DYLIB_COMPATIBILITY_VERSION = 1;
				DYLIB_CURRENT_VERSION = 3;
				DYLIB_INSTALL_NAME_BASE = "@rpath";
				INFOPLIST_FILE = DarkModeBuddyCore/Info.plist;
				INSTALL_PATH = "$(LOCAL_LIBRARY_DIR)/Frameworks";
				LD_RUNPATH_SEARCH_PATHS = (
					"$(inherited)",
					"@executable_path/../Frameworks",
					"@loader_path/Frameworks",
				);
				MACOSX_DEPLOYMENT_TARGET = 10.15;
				PRODUCT_BUNDLE_IDENTIFIER = codes.rambo.DarkModeBuddyCore;
				PRODUCT_NAME = "$(TARGET_NAME:c99extidentifier)";
				SKIP_INSTALL = YES;
				SWIFT_VERSION = 5.0;
				SYSTEM_FRAMEWORK_SEARCH_PATHS = (
					"$(inherited)",
					"$(SYSTEM_LIBRARY_DIR)/PrivateFrameworks",
				);
				VERSIONING_SYSTEM = "apple-generic";
				VERSION_INFO_PREFIX = "";
			};
			name = Release;
		};
/* End XCBuildConfiguration section */

/* Begin XCConfigurationList section */
		F479410125E5EA5A001BB982 /* Build configuration list for PBXProject "DarkModeBuddy" */ = {
			isa = XCConfigurationList;
			buildConfigurations = (
				F479411725E5EA5B001BB982 /* Debug */,
				F479411825E5EA5B001BB982 /* Release */,
			);
			defaultConfigurationIsVisible = 0;
			defaultConfigurationName = Release;
		};
		F479411925E5EA5B001BB982 /* Build configuration list for PBXNativeTarget "DarkModeBuddy" */ = {
			isa = XCConfigurationList;
			buildConfigurations = (
				F479411A25E5EA5B001BB982 /* Debug */,
				F479411B25E5EA5B001BB982 /* Release */,
			);
			defaultConfigurationIsVisible = 0;
			defaultConfigurationName = Release;
		};
		F479412A25E5EA85001BB982 /* Build configuration list for PBXNativeTarget "DarkModeBuddyCore" */ = {
			isa = XCConfigurationList;
			buildConfigurations = (
				F479412B25E5EA85001BB982 /* Debug */,
				F479412C25E5EA85001BB982 /* Release */,
			);
			defaultConfigurationIsVisible = 0;
			defaultConfigurationName = Release;
		};
/* End XCConfigurationList section */
	};
	rootObject = F47940FE25E5EA5A001BB982 /* Project object */;
}
